
Microsoft Visual Studio Solution File, Format Version 12.00
# Visual Studio Version 17
VisualStudioVersion = 17.2.32516.85
MinimumVisualStudioVersion = 10.0.40219.1
Project("{FAE04EC0-301F-11D3-BF4B-00C04F79EFBC}") = "CoreDemo", "CoreDemo\CoreDemo.csproj", "{815AAF13-CB80-4C8D-ABA9-F82C716EE988}"
EndProject
Project("{FAE04EC0-301F-11D3-BF4B-00C04F79EFBC}") = "EntityLayer", "EntityLayer\EntityLayer.csproj", "{76CFF870-E3DC-4A52-B8E7-0AC93414038A}"
EndProject
Project("{FAE04EC0-301F-11D3-BF4B-00C04F79EFBC}") = "DataAccessLayer", "DataAccessLayer\DataAccessLayer.csproj", "{2D9E32E6-0F25-4286-ACAB-957A5C406210}"
EndProject
Project("{FAE04EC0-301F-11D3-BF4B-00C04F79EFBC}") = "BusinessLayer", "BusinessLayer\BusinessLayer.csproj", "{BE1C23E2-BE8D-43EB-BF4D-2F30BD260B08}"
EndProject
Project("{FAE04EC0-301F-11D3-BF4B-00C04F79EFBC}") = "CoreLayer", "CoreLayer\CoreLayer.csproj", "{49F74940-260B-458B-96DB-76408FB9DB81}"
EndProject
Global
	GlobalSection(SolutionConfigurationPlatforms) = preSolution
		Debug|Any CPU = Debug|Any CPU
		Release|Any CPU = Release|Any CPU
	EndGlobalSection
	GlobalSection(ProjectConfigurationPlatforms) = postSolution
		{815AAF13-CB80-4C8D-ABA9-F82C716EE988}.Debug|Any CPU.ActiveCfg = Debug|Any CPU
		{815AAF13-CB80-4C8D-ABA9-F82C716EE988}.Debug|Any CPU.Build.0 = Debug|Any CPU
		{815AAF13-CB80-4C8D-ABA9-F82C716EE988}.Release|Any CPU.ActiveCfg = Release|Any CPU
		{815AAF13-CB80-4C8D-ABA9-F82C716EE988}.Release|Any CPU.Build.0 = Release|Any CPU
		{76CFF870-E3DC-4A52-B8E7-0AC93414038A}.Debug|Any CPU.ActiveCfg = Debug|Any CPU
		{76CFF870-E3DC-4A52-B8E7-0AC93414038A}.Debug|Any CPU.Build.0 = Debug|Any CPU
		{76CFF870-E3DC-4A52-B8E7-0AC93414038A}.Release|Any CPU.ActiveCfg = Release|Any CPU
		{76CFF870-E3DC-4A52-B8E7-0AC93414038A}.Release|Any CPU.Build.0 = Release|Any CPU
		{2D9E32E6-0F25-4286-ACAB-957A5C406210}.Debug|Any CPU.ActiveCfg = Debug|Any CPU
		{2D9E32E6-0F25-4286-ACAB-957A5C406210}.Debug|Any CPU.Build.0 = Debug|Any CPU
		{2D9E32E6-0F25-4286-ACAB-957A5C406210}.Release|Any CPU.ActiveCfg = Release|Any CPU
		{2D9E32E6-0F25-4286-ACAB-957A5C406210}.Release|Any CPU.Build.0 = Release|Any CPU
		{BE1C23E2-BE8D-43EB-BF4D-2F30BD260B08}.Debug|Any CPU.ActiveCfg = Debug|Any CPU
		{BE1C23E2-BE8D-43EB-BF4D-2F30BD260B08}.Debug|Any CPU.Build.0 = Debug|Any CPU
		{BE1C23E2-BE8D-43EB-BF4D-2F30BD260B08}.Release|Any CPU.ActiveCfg = Release|Any CPU
		{BE1C23E2-BE8D-43EB-BF4D-2F30BD260B08}.Release|Any CPU.Build.0 = Release|Any CPU
		{49F74940-260B-458B-96DB-76408FB9DB81}.Debug|Any CPU.ActiveCfg = Debug|Any CPU
		{49F74940-260B-458B-96DB-76408FB9DB81}.Debug|Any CPU.Build.0 = Debug|Any CPU
		{49F74940-260B-458B-96DB-76408FB9DB81}.Release|Any CPU.ActiveCfg = Release|Any CPU
		{49F74940-260B-458B-96DB-76408FB9DB81}.Release|Any CPU.Build.0 = Release|Any CPU
	EndGlobalSection
	GlobalSection(SolutionProperties) = preSolution
		HideSolutionNode = FALSE
	EndGlobalSection
	GlobalSection(ExtensibilityGlobals) = postSolution
		SolutionGuid = {4646ED78-3092-4867-8CDA-73BBAD99148B}
	EndGlobalSection
EndGlobal
